
Microsoft Visual Studio Solution File, Format Version 12.00
# Visual Studio Version 16
VisualStudioVersion = 16.0.30611.23
MinimumVisualStudioVersion = 10.0.40219.1
Project("{FAE04EC0-301F-11D3-BF4B-00C04F79EFBC}") = "MilanoFashion", "MilanoFashion\MilanoFashion.csproj", "{79AFC5FA-31E8-4FD0-9F05-AC97B743E78B}"
EndProject
Global
	GlobalSection(SolutionConfigurationPlatforms) = preSolution
		Debug|Any CPU = Debug|Any CPU
		Release|Any CPU = Release|Any CPU
	EndGlobalSection
	GlobalSection(ProjectConfigurationPlatforms) = postSolution
		{79AFC5FA-31E8-4FD0-9F05-AC97B743E78B}.Debug|Any CPU.ActiveCfg = Debug|Any CPU
		{79AFC5FA-31E8-4FD0-9F05-AC97B743E78B}.Debug|Any CPU.Build.0 = Debug|Any CPU
		{79AFC5FA-31E8-4FD0-9F05-AC97B743E78B}.Release|Any CPU.ActiveCfg = Release|Any CPU
		{79AFC5FA-31E8-4FD0-9F05-AC97B743E78B}.Release|Any CPU.Build.0 = Release|Any CPU
	EndGlobalSection
	GlobalSection(SolutionProperties) = preSolution
		HideSolutionNode = FALSE
	EndGlobalSection
	GlobalSection(ExtensibilityGlobals) = postSolution
		SolutionGuid = {C51D9C78-A77A-450B-BF28-4971179B3E4E}
	EndGlobalSection
EndGlobal
